// !$*UTF8*$!
{
	archiveVersion = 1;
	classes = {
	};
	objectVersion = 77;
	objects = {

/* Begin PBXBuildFile section */
		A8095C922DEBBADB00C703AE /* libPureMVC.a in Frameworks */ = {isa = PBXBuildFile; fileRef = A8095C412DEBB54D00C703AE /* libPureMVC.a */; };
/* End PBXBuildFile section */

/* Begin PBXContainerItemProxy section */
		A8095C932DEBBADB00C703AE /* PBXContainerItemProxy */ = {
			isa = PBXContainerItemProxy;
			containerPortal = A8095C392DEBB54D00C703AE /* Project object */;
			proxyType = 1;
			remoteGlobalIDString = A8095C402DEBB54D00C703AE;
			remoteInfo = PureMVC;
		};
/* End PBXContainerItemProxy section */

/* Begin PBXCopyFilesBuildPhase section */
		A8095C3F2DEBB54D00C703AE /* CopyFiles */ = {
			isa = PBXCopyFilesBuildPhase;
			buildActionMask = 2147483647;
			dstPath = "include/$(PRODUCT_NAME)";
			dstSubfolderSpec = 16;
			files = (
			);
			runOnlyForDeploymentPostprocessing = 0;
		};
/* End PBXCopyFilesBuildPhase section */

/* Begin PBXFileReference section */
		A8095C412DEBB54D00C703AE /* libPureMVC.a */ = {isa = PBXFileReference; explicitFileType = archive.ar; includeInIndex = 0; path = libPureMVC.a; sourceTree = BUILT_PRODUCTS_DIR; };
		A8095C8E2DEBBADB00C703AE /* PureMVCTests.xctest */ = {isa = PBXFileReference; explicitFileType = wrapper.cfbundle; includeInIndex = 0; path = PureMVCTests.xctest; sourceTree = BUILT_PRODUCTS_DIR; };
		A81889572DED7A44005EDEEA /* objective-c-xcode.yml */ = {isa = PBXFileReference; lastKnownFileType = text.yaml; path = "objective-c-xcode.yml"; sourceTree = "<group>"; };
		A89E24112DEBEE7A00F08995 /* README.md */ = {isa = PBXFileReference; lastKnownFileType = net.daringfireball.markdown; path = README.md; sourceTree = "<group>"; };
		A89E24122DEBEE8C00F08995 /* VERSION */ = {isa = PBXFileReference; lastKnownFileType = text; path = VERSION; sourceTree = "<group>"; };
		A89E24132DEBEEAA00F08995 /* LICENSE */ = {isa = PBXFileReference; lastKnownFileType = text; path = LICENSE; sourceTree = "<group>"; };
		A8F497D62DED30B700C63CDE /* .gitignore */ = {isa = PBXFileReference; lastKnownFileType = text; path = .gitignore; sourceTree = "<group>"; };
/* End PBXFileReference section */

/* Begin PBXFileSystemSynchronizedBuildFileExceptionSet section */
		A8DA79F12DEF895900A7D9C0 /* Exceptions for "PureMVCTests" folder in "PureMVCTests" target */ = {
			isa = PBXFileSystemSynchronizedBuildFileExceptionSet;
			membershipExceptions = (
				PureMVCTests.xctestplan,
			);
			target = A8095C8D2DEBBADB00C703AE /* PureMVCTests */;
		};
/* End PBXFileSystemSynchronizedBuildFileExceptionSet section */

/* Begin PBXFileSystemSynchronizedRootGroup section */
		A8095C432DEBB54D00C703AE /* PureMVC */ = {
			isa = PBXFileSystemSynchronizedRootGroup;
			path = PureMVC;
			sourceTree = "<group>";
		};
		A8095C8F2DEBBADB00C703AE /* PureMVCTests */ = {
			isa = PBXFileSystemSynchronizedRootGroup;
			exceptions = (
				A8DA79F12DEF895900A7D9C0 /* Exceptions for "PureMVCTests" folder in "PureMVCTests" target */,
			);
			path = PureMVCTests;
			sourceTree = "<group>";
		};
		A88647422E0F5AE7003D31D2 /* include */ = {
			isa = PBXFileSystemSynchronizedRootGroup;
			path = include;
			sourceTree = "<group>";
		};
/* End PBXFileSystemSynchronizedRootGroup section */

/* Begin PBXFrameworksBuildPhase section */
		A8095C3E2DEBB54D00C703AE /* Frameworks */ = {
			isa = PBXFrameworksBuildPhase;
			buildActionMask = 2147483647;
			files = (
			);
			runOnlyForDeploymentPostprocessing = 0;
		};
		A8095C8B2DEBBADB00C703AE /* Frameworks */ = {
			isa = PBXFrameworksBuildPhase;
			buildActionMask = 2147483647;
			files = (
				A8095C922DEBBADB00C703AE /* libPureMVC.a in Frameworks */,
			);
			runOnlyForDeploymentPostprocessing = 0;
		};
/* End PBXFrameworksBuildPhase section */

/* Begin PBXGroup section */
		A8095C382DEBB54D00C703AE = {
			isa = PBXGroup;
			children = (
				A81889592DED7A44005EDEEA /* .github */,
				A8F497D62DED30B700C63CDE /* .gitignore */,
				A89E24132DEBEEAA00F08995 /* LICENSE */,
				A89E24112DEBEE7A00F08995 /* README.md */,
				A89E24122DEBEE8C00F08995 /* VERSION */,
				A88647422E0F5AE7003D31D2 /* include */,
				A8095C432DEBB54D00C703AE /* PureMVC */,
				A8095C8F2DEBBADB00C703AE /* PureMVCTests */,
				A8095C422DEBB54D00C703AE /* Products */,
			);
			sourceTree = "<group>";
		};
		A8095C422DEBB54D00C703AE /* Products */ = {
			isa = PBXGroup;
			children = (
				A8095C412DEBB54D00C703AE /* libPureMVC.a */,
				A8095C8E2DEBBADB00C703AE /* PureMVCTests.xctest */,
			);
			name = Products;
			sourceTree = "<group>";
		};
		A81889582DED7A44005EDEEA /* workflows */ = {
			isa = PBXGroup;
			children = (
				A81889572DED7A44005EDEEA /* objective-c-xcode.yml */,
			);
			path = workflows;
			sourceTree = "<group>";
		};
		A81889592DED7A44005EDEEA /* .github */ = {
			isa = PBXGroup;
			children = (
				A81889582DED7A44005EDEEA /* workflows */,
			);
			path = .github;
			sourceTree = "<group>";
		};
/* End PBXGroup section */

/* Begin PBXNativeTarget section */
		A8095C402DEBB54D00C703AE /* PureMVC */ = {
			isa = PBXNativeTarget;
			buildConfigurationList = A8095C4B2DEBB54D00C703AE /* Build configuration list for PBXNativeTarget "PureMVC" */;
			buildPhases = (
				A8095C3D2DEBB54D00C703AE /* Sources */,
				A8095C3E2DEBB54D00C703AE /* Frameworks */,
				A8095C3F2DEBB54D00C703AE /* CopyFiles */,
			);
			buildRules = (
			);
			dependencies = (
			);
			fileSystemSynchronizedGroups = (
				A8095C432DEBB54D00C703AE /* PureMVC */,
				A88647422E0F5AE7003D31D2 /* include */,
			);
			name = PureMVC;
			packageProductDependencies = (
			);
			productName = PureMVC;
			productReference = A8095C412DEBB54D00C703AE /* libPureMVC.a */;
			productType = "com.apple.product-type.library.static";
		};
		A8095C8D2DEBBADB00C703AE /* PureMVCTests */ = {
			isa = PBXNativeTarget;
			buildConfigurationList = A8095C952DEBBADB00C703AE /* Build configuration list for PBXNativeTarget "PureMVCTests" */;
			buildPhases = (
				A8095C8A2DEBBADB00C703AE /* Sources */,
				A8095C8B2DEBBADB00C703AE /* Frameworks */,
				A8095C8C2DEBBADB00C703AE /* Resources */,
			);
			buildRules = (
			);
			dependencies = (
				A8095C942DEBBADB00C703AE /* PBXTargetDependency */,
			);
			fileSystemSynchronizedGroups = (
				A8095C8F2DEBBADB00C703AE /* PureMVCTests */,
			);
			name = PureMVCTests;
			packageProductDependencies = (
			);
			productName = PureMVCTests;
			productReference = A8095C8E2DEBBADB00C703AE /* PureMVCTests.xctest */;
			productType = "com.apple.product-type.bundle.unit-test";
		};
/* End PBXNativeTarget section */

/* Begin PBXProject section */
		A8095C392DEBB54D00C703AE /* Project object */ = {
			isa = PBXProject;
			attributes = {
				BuildIndependentTargetsInParallel = 1;
				LastUpgradeCheck = 2600;
				TargetAttributes = {
					A8095C402DEBB54D00C703AE = {
						CreatedOnToolsVersion = 16.4;
					};
					A8095C8D2DEBBADB00C703AE = {
						CreatedOnToolsVersion = 16.4;
						LastSwiftMigration = 1640;
					};
				};
			};
			buildConfigurationList = A8095C3C2DEBB54D00C703AE /* Build configuration list for PBXProject "PureMVC" */;
			developmentRegion = en;
			hasScannedForEncodings = 0;
			knownRegions = (
				en,
				Base,
			);
			mainGroup = A8095C382DEBB54D00C703AE;
			minimizedProjectReferenceProxies = 1;
			preferredProjectObjectVersion = 77;
			productRefGroup = A8095C422DEBB54D00C703AE /* Products */;
			projectDirPath = "";
			projectRoot = "";
			targets = (
				A8095C402DEBB54D00C703AE /* PureMVC */,
				A8095C8D2DEBBADB00C703AE /* PureMVCTests */,
			);
		};
/* End PBXProject section */

/* Begin PBXResourcesBuildPhase section */
		A8095C8C2DEBBADB00C703AE /* Resources */ = {
			isa = PBXResourcesBuildPhase;
			buildActionMask = 2147483647;
			files = (
			);
			runOnlyForDeploymentPostprocessing = 0;
		};
/* End PBXResourcesBuildPhase section */

/* Begin PBXSourcesBuildPhase section */
		A8095C3D2DEBB54D00C703AE /* Sources */ = {
			isa = PBXSourcesBuildPhase;
			buildActionMask = 2147483647;
			files = (
			);
			runOnlyForDeploymentPostprocessing = 0;
		};
		A8095C8A2DEBBADB00C703AE /* Sources */ = {
			isa = PBXSourcesBuildPhase;
			buildActionMask = 2147483647;
			files = (
			);
			runOnlyForDeploymentPostprocessing = 0;
		};
/* End PBXSourcesBuildPhase section */

/* Begin PBXTargetDependency section */
		A8095C942DEBBADB00C703AE /* PBXTargetDependency */ = {
			isa = PBXTargetDependency;
			target = A8095C402DEBB54D00C703AE /* PureMVC */;
			targetProxy = A8095C932DEBBADB00C703AE /* PBXContainerItemProxy */;
		};
/* End PBXTargetDependency section */

/* Begin XCBuildConfiguration section */
		A8095C492DEBB54D00C703AE /* Debug */ = {
			isa = XCBuildConfiguration;
			buildSettings = {
				ALWAYS_SEARCH_USER_PATHS = NO;
				ASSETCATALOG_COMPILER_GENERATE_SWIFT_ASSET_SYMBOL_EXTENSIONS = YES;
				CLANG_ANALYZER_NONNULL = YES;
				CLANG_ANALYZER_NUMBER_OBJECT_CONVERSION = YES_AGGRESSIVE;
				CLANG_CXX_LANGUAGE_STANDARD = "gnu++20";
				CLANG_ENABLE_MODULES = YES;
				CLANG_ENABLE_OBJC_ARC = YES;
				CLANG_ENABLE_OBJC_WEAK = YES;
				CLANG_WARN_BLOCK_CAPTURE_AUTORELEASING = YES;
				CLANG_WARN_BOOL_CONVERSION = YES;
				CLANG_WARN_COMMA = YES;
				CLANG_WARN_CONSTANT_CONVERSION = YES;
				CLANG_WARN_DEPRECATED_OBJC_IMPLEMENTATIONS = YES;
				CLANG_WARN_DIRECT_OBJC_ISA_USAGE = YES_ERROR;
				CLANG_WARN_DOCUMENTATION_COMMENTS = YES;
				CLANG_WARN_EMPTY_BODY = YES;
				CLANG_WARN_ENUM_CONVERSION = YES;
				CLANG_WARN_INFINITE_RECURSION = YES;
				CLANG_WARN_INT_CONVERSION = YES;
				CLANG_WARN_NON_LITERAL_NULL_CONVERSION = YES;
				CLANG_WARN_OBJC_IMPLICIT_RETAIN_SELF = YES;
				CLANG_WARN_OBJC_LITERAL_CONVERSION = YES;
				CLANG_WARN_OBJC_ROOT_CLASS = YES_ERROR;
				CLANG_WARN_QUOTED_INCLUDE_IN_FRAMEWORK_HEADER = YES;
				CLANG_WARN_RANGE_LOOP_ANALYSIS = YES;
				CLANG_WARN_STRICT_PROTOTYPES = YES;
				CLANG_WARN_SUSPICIOUS_MOVE = YES;
				CLANG_WARN_UNGUARDED_AVAILABILITY = YES_AGGRESSIVE;
				CLANG_WARN_UNREACHABLE_CODE = YES;
				CLANG_WARN__DUPLICATE_METHOD_MATCH = YES;
				COPY_PHASE_STRIP = NO;
				DEBUG_INFORMATION_FORMAT = dwarf;
				ENABLE_STRICT_OBJC_MSGSEND = YES;
				ENABLE_TESTABILITY = YES;
				ENABLE_USER_SCRIPT_SANDBOXING = YES;
				GCC_C_LANGUAGE_STANDARD = gnu17;
				GCC_DYNAMIC_NO_PIC = NO;
				GCC_NO_COMMON_BLOCKS = YES;
				GCC_OPTIMIZATION_LEVEL = 0;
				GCC_PREPROCESSOR_DEFINITIONS = (
					"DEBUG=1",
					"$(inherited)",
				);
				GCC_WARN_64_TO_32_BIT_CONVERSION = YES;
				GCC_WARN_ABOUT_RETURN_TYPE = YES_ERROR;
				GCC_WARN_UNDECLARED_SELECTOR = YES;
				GCC_WARN_UNINITIALIZED_AUTOS = YES_AGGRESSIVE;
				GCC_WARN_UNUSED_FUNCTION = YES;
				GCC_WARN_UNUSED_VARIABLE = YES;
				IPHONEOS_DEPLOYMENT_TARGET = 18.5;
				LOCALIZATION_PREFERS_STRING_CATALOGS = YES;
				MTL_ENABLE_DEBUG_INFO = INCLUDE_SOURCE;
				MTL_FAST_MATH = YES;
				ONLY_ACTIVE_ARCH = YES;
				SDKROOT = iphoneos;
				STRING_CATALOG_GENERATE_SYMBOLS = YES;
			};
			name = Debug;
		};
		A8095C4A2DEBB54D00C703AE /* Release */ = {
			isa = XCBuildConfiguration;
			buildSettings = {
				ALWAYS_SEARCH_USER_PATHS = NO;
				ASSETCATALOG_COMPILER_GENERATE_SWIFT_ASSET_SYMBOL_EXTENSIONS = YES;
				CLANG_ANALYZER_NONNULL = YES;
				CLANG_ANALYZER_NUMBER_OBJECT_CONVERSION = YES_AGGRESSIVE;
				CLANG_CXX_LANGUAGE_STANDARD = "gnu++20";
				CLANG_ENABLE_MODULES = YES;
				CLANG_ENABLE_OBJC_ARC = YES;
				CLANG_ENABLE_OBJC_WEAK = YES;
				CLANG_WARN_BLOCK_CAPTURE_AUTORELEASING = YES;
				CLANG_WARN_BOOL_CONVERSION = YES;
				CLANG_WARN_COMMA = YES;
				CLANG_WARN_CONSTANT_CONVERSION = YES;
				CLANG_WARN_DEPRECATED_OBJC_IMPLEMENTATIONS = YES;
				CLANG_WARN_DIRECT_OBJC_ISA_USAGE = YES_ERROR;
				CLANG_WARN_DOCUMENTATION_COMMENTS = YES;
				CLANG_WARN_EMPTY_BODY = YES;
				CLANG_WARN_ENUM_CONVERSION = YES;
				CLANG_WARN_INFINITE_RECURSION = YES;
				CLANG_WARN_INT_CONVERSION = YES;
				CLANG_WARN_NON_LITERAL_NULL_CONVERSION = YES;
				CLANG_WARN_OBJC_IMPLICIT_RETAIN_SELF = YES;
				CLANG_WARN_OBJC_LITERAL_CONVERSION = YES;
				CLANG_WARN_OBJC_ROOT_CLASS = YES_ERROR;
				CLANG_WARN_QUOTED_INCLUDE_IN_FRAMEWORK_HEADER = YES;
				CLANG_WARN_RANGE_LOOP_ANALYSIS = YES;
				CLANG_WARN_STRICT_PROTOTYPES = YES;
				CLANG_WARN_SUSPICIOUS_MOVE = YES;
				CLANG_WARN_UNGUARDED_AVAILABILITY = YES_AGGRESSIVE;
				CLANG_WARN_UNREACHABLE_CODE = YES;
				CLANG_WARN__DUPLICATE_METHOD_MATCH = YES;
				COPY_PHASE_STRIP = NO;
				DEBUG_INFORMATION_FORMAT = "dwarf-with-dsym";
				ENABLE_NS_ASSERTIONS = NO;
				ENABLE_STRICT_OBJC_MSGSEND = YES;
				ENABLE_USER_SCRIPT_SANDBOXING = YES;
				GCC_C_LANGUAGE_STANDARD = gnu17;
				GCC_NO_COMMON_BLOCKS = YES;
				GCC_WARN_64_TO_32_BIT_CONVERSION = YES;
				GCC_WARN_ABOUT_RETURN_TYPE = YES_ERROR;
				GCC_WARN_UNDECLARED_SELECTOR = YES;
				GCC_WARN_UNINITIALIZED_AUTOS = YES_AGGRESSIVE;
				GCC_WARN_UNUSED_FUNCTION = YES;
				GCC_WARN_UNUSED_VARIABLE = YES;
				IPHONEOS_DEPLOYMENT_TARGET = 18.5;
				LOCALIZATION_PREFERS_STRING_CATALOGS = YES;
				MTL_ENABLE_DEBUG_INFO = NO;
				MTL_FAST_MATH = YES;
				SDKROOT = iphoneos;
				STRING_CATALOG_GENERATE_SYMBOLS = YES;
				VALIDATE_PRODUCT = YES;
			};
			name = Release;
		};
		A8095C4C2DEBB54D00C703AE /* Debug */ = {
			isa = XCBuildConfiguration;
			buildSettings = {
				CODE_SIGN_STYLE = Automatic;
				OTHER_LDFLAGS = "-ObjC";
				PRODUCT_NAME = "$(TARGET_NAME)";
				SKIP_INSTALL = YES;
				TARGETED_DEVICE_FAMILY = "1,2";
			};
			name = Debug;
		};
		A8095C4D2DEBB54D00C703AE /* Release */ = {
			isa = XCBuildConfiguration;
			buildSettings = {
				CODE_SIGN_STYLE = Automatic;
				OTHER_LDFLAGS = "-ObjC";
				PRODUCT_NAME = "$(TARGET_NAME)";
				SKIP_INSTALL = YES;
				TARGETED_DEVICE_FAMILY = "1,2";
			};
			name = Release;
		};
		A8095C962DEBBADB00C703AE /* Debug */ = {
			isa = XCBuildConfiguration;
			buildSettings = {
				CLANG_ENABLE_MODULES = YES;
				"CODE_SIGN_IDENTITY[sdk=macosx*]" = "-";
				CODE_SIGN_STYLE = Automatic;
				CURRENT_PROJECT_VERSION = 1;
				GENERATE_INFOPLIST_FILE = YES;
				HEADER_SEARCH_PATHS = "$(SRCROOT)/include";
				MARKETING_VERSION = 1.0;
				PRODUCT_BUNDLE_IDENTIFIER = org.puremvc.PureMVCTests;
				PRODUCT_NAME = "$(TARGET_NAME)";
				SWIFT_EMIT_LOC_STRINGS = NO;
				SWIFT_OBJC_BRIDGING_HEADER = include/PureMVC/PureMVC.h;
				SWIFT_OPTIMIZATION_LEVEL = "-Onone";
				SWIFT_VERSION = 6.0;
				TARGETED_DEVICE_FAMILY = "1,2";
			};
			name = Debug;
		};
		A8095C972DEBBADB00C703AE /* Release */ = {
			isa = XCBuildConfiguration;
			buildSettings = {
				CLANG_ENABLE_MODULES = YES;
				"CODE_SIGN_IDENTITY[sdk=macosx*]" = "-";
				CODE_SIGN_STYLE = Automatic;
				CURRENT_PROJECT_VERSION = 1;
				GENERATE_INFOPLIST_FILE = YES;
				HEADER_SEARCH_PATHS = "$(SRCROOT)/include";
				MARKETING_VERSION = 1.0;
				PRODUCT_BUNDLE_IDENTIFIER = org.puremvc.PureMVCTests;
				PRODUCT_NAME = "$(TARGET_NAME)";
				SWIFT_EMIT_LOC_STRINGS = NO;
				SWIFT_OBJC_BRIDGING_HEADER = include/PureMVC/PureMVC.h;
				SWIFT_VERSION = 6.0;
				TARGETED_DEVICE_FAMILY = "1,2";
			};
			name = Release;
		};
/* End XCBuildConfiguration section */

/* Begin XCConfigurationList section */
		A8095C3C2DEBB54D00C703AE /* Build configuration list for PBXProject "PureMVC" */ = {
			isa = XCConfigurationList;
			buildConfigurations = (
				A8095C492DEBB54D00C703AE /* Debug */,
				A8095C4A2DEBB54D00C703AE /* Release */,
			);
			defaultConfigurationIsVisible = 0;
			defaultConfigurationName = Release;
		};
		A8095C4B2DEBB54D00C703AE /* Build configuration list for PBXNativeTarget "PureMVC" */ = {
			isa = XCConfigurationList;
			buildConfigurations = (
				A8095C4C2DEBB54D00C703AE /* Debug */,
				A8095C4D2DEBB54D00C703AE /* Release */,
			);
			defaultConfigurationIsVisible = 0;
			defaultConfigurationName = Release;
		};
		A8095C952DEBBADB00C703AE /* Build configuration list for PBXNativeTarget "PureMVCTests" */ = {
			isa = XCConfigurationList;
			buildConfigurations = (
				A8095C962DEBBADB00C703AE /* Debug */,
				A8095C972DEBBADB00C703AE /* Release */,
			);
			defaultConfigurationIsVisible = 0;
			defaultConfigurationName = Release;
		};
/* End XCConfigurationList section */
	};
	rootObject = A8095C392DEBB54D00C703AE /* Project object */;
}
